
Microsoft Visual Studio Solution File, Format Version 12.00
# Visual Studio Version 16
VisualStudioVersion = 16.0.30114.105
MinimumVisualStudioVersion = 10.0.40219.1
Project("{9A19103F-16F7-4668-BE54-9A1E7A4F7556}") = "ORM", "ORM\ORM.csproj", "{B5A1BCBF-8CE0-42B9-9C6B-63E5549AF4D8}"
EndProject
Project("{9A19103F-16F7-4668-BE54-9A1E7A4F7556}") = "ORMConsole", "ORMConsole\ORMConsole.csproj", "{1500E20D-58DE-4EBF-A431-8C13DDBB07CB}"
EndProject
Project("{9A19103F-16F7-4668-BE54-9A1E7A4F7556}") = "ORMNUnit", "ORMNUnit\ORMNUnit.csproj", "{B4EE1614-A3A7-4FDB-A427-AB948E73C23B}"
EndProject
Global
	GlobalSection(SolutionConfigurationPlatforms) = preSolution
		Debug|Any CPU = Debug|Any CPU
		Release|Any CPU = Release|Any CPU
	EndGlobalSection
	GlobalSection(ProjectConfigurationPlatforms) = postSolution
		{B5A1BCBF-8CE0-42B9-9C6B-63E5549AF4D8}.Debug|Any CPU.ActiveCfg = Debug|Any CPU
		{B5A1BCBF-8CE0-42B9-9C6B-63E5549AF4D8}.Debug|Any CPU.Build.0 = Debug|Any CPU
		{B5A1BCBF-8CE0-42B9-9C6B-63E5549AF4D8}.Release|Any CPU.ActiveCfg = Release|Any CPU
		{B5A1BCBF-8CE0-42B9-9C6B-63E5549AF4D8}.Release|Any CPU.Build.0 = Release|Any CPU
		{1500E20D-58DE-4EBF-A431-8C13DDBB07CB}.Debug|Any CPU.ActiveCfg = Debug|Any CPU
		{1500E20D-58DE-4EBF-A431-8C13DDBB07CB}.Debug|Any CPU.Build.0 = Debug|Any CPU
		{1500E20D-58DE-4EBF-A431-8C13DDBB07CB}.Release|Any CPU.ActiveCfg = Release|Any CPU
		{1500E20D-58DE-4EBF-A431-8C13DDBB07CB}.Release|Any CPU.Build.0 = Release|Any CPU
		{B4EE1614-A3A7-4FDB-A427-AB948E73C23B}.Debug|Any CPU.ActiveCfg = Debug|Any CPU
		{B4EE1614-A3A7-4FDB-A427-AB948E73C23B}.Debug|Any CPU.Build.0 = Debug|Any CPU
		{B4EE1614-A3A7-4FDB-A427-AB948E73C23B}.Release|Any CPU.ActiveCfg = Release|Any CPU
		{B4EE1614-A3A7-4FDB-A427-AB948E73C23B}.Release|Any CPU.Build.0 = Release|Any CPU
	EndGlobalSection
	GlobalSection(SolutionProperties) = preSolution
		HideSolutionNode = FALSE
	EndGlobalSection
	GlobalSection(ExtensibilityGlobals) = postSolution
		SolutionGuid = {8BEE0566-52C0-44F1-A710-1A21E9C42B54}
	EndGlobalSection
EndGlobal
