
Microsoft Visual Studio Solution File, Format Version 12.00
# Visual Studio Version 16
VisualStudioVersion = 16.0.30114.105
MinimumVisualStudioVersion = 10.0.40219.1
Project("{9A19103F-16F7-4668-BE54-9A1E7A4F7556}") = "ORM", "ORM\ORM.csproj", "{B5A1BCBF-8CE0-42B9-9C6B-63E5549AF4D8}"
EndProject
Project("{9A19103F-16F7-4668-BE54-9A1E7A4F7556}") = "ORMConsole", "ORMConsole\ORMConsole.csproj", "{1500E20D-58DE-4EBF-A431-8C13DDBB07CB}"
EndProject
Project("{9A19103F-16F7-4668-BE54-9A1E7A4F7556}") = "ORMNUnit", "ORMNUnit\ORMNUnit.csproj", "{B4EE1614-A3A7-4FDB-A427-AB948E73C23B}"
EndProject
Project("{9A19103F-16F7-4668-BE54-9A1E7A4F7556}") = "ORMCodeGenerator", "ORMCodeGenerator\ORMCodeGenerator.csproj", "{DCF1EA3B-50D9-40C2-BE98-A1807A599A34}"
EndProject
Project("{9A19103F-16F7-4668-BE54-9A1E7A4F7556}") = "ORMFakeDAL", "ORMFakeDAL\ORMFakeDAL.csproj", "{4542F271-A0E1-4774-A10D-AE91364874B6}"
EndProject
Project("{9A19103F-16F7-4668-BE54-9A1E7A4F7556}") = "ORMBenchmarks", "ORMBenchmarks\ORMBenchmarks.csproj", "{F5837BB6-F8EE-42A7-A117-2E5348CA4E11}"
EndProject
Project("{9A19103F-16F7-4668-BE54-9A1E7A4F7556}") = "ORMDatabaseUpdater", "ORMDatabaseUpdater\ORMDatabaseUpdater.csproj", "{D5F641F6-6CBA-4AAC-B2A6-4CFF9ABDC59B}"
EndProject
Project("{9A19103F-16F7-4668-BE54-9A1E7A4F7556}") = "EFCNorthwind", "ORMFakeEF\EFCNorthwind.csproj", "{CE92120A-FD4C-4B75-AF6C-0E6345B53F3E}"
EndProject
Project("{FAE04EC0-301F-11D3-BF4B-00C04F79EFBC}") = "ORMNorthwind", "NorthwindDAL\ORMNorthwind.csproj", "{287891E7-59D6-4FDB-9F7B-93D86D0AD3B2}"
EndProject
Project("{2150E333-8FDC-42A3-9474-1A3956D46DE8}") = "DAL", "DAL", "{08597917-3B08-43A9-93AA-11E060506C32}"
EndProject
Project("{2150E333-8FDC-42A3-9474-1A3956D46DE8}") = "NUnit", "NUnit", "{8A1AB08F-2F20-4928-8E9A-96CAF93E5D6E}"
EndProject
Global
	GlobalSection(SolutionConfigurationPlatforms) = preSolution
		Debug|Any CPU = Debug|Any CPU
		Release|Any CPU = Release|Any CPU
	EndGlobalSection
	GlobalSection(ProjectConfigurationPlatforms) = postSolution
		{B5A1BCBF-8CE0-42B9-9C6B-63E5549AF4D8}.Debug|Any CPU.ActiveCfg = Debug|Any CPU
		{B5A1BCBF-8CE0-42B9-9C6B-63E5549AF4D8}.Debug|Any CPU.Build.0 = Debug|Any CPU
		{B5A1BCBF-8CE0-42B9-9C6B-63E5549AF4D8}.Release|Any CPU.ActiveCfg = Release|Any CPU
		{B5A1BCBF-8CE0-42B9-9C6B-63E5549AF4D8}.Release|Any CPU.Build.0 = Release|Any CPU
		{1500E20D-58DE-4EBF-A431-8C13DDBB07CB}.Debug|Any CPU.ActiveCfg = Debug|Any CPU
		{1500E20D-58DE-4EBF-A431-8C13DDBB07CB}.Debug|Any CPU.Build.0 = Debug|Any CPU
		{1500E20D-58DE-4EBF-A431-8C13DDBB07CB}.Release|Any CPU.ActiveCfg = Release|Any CPU
		{1500E20D-58DE-4EBF-A431-8C13DDBB07CB}.Release|Any CPU.Build.0 = Release|Any CPU
		{B4EE1614-A3A7-4FDB-A427-AB948E73C23B}.Debug|Any CPU.ActiveCfg = Debug|Any CPU
		{B4EE1614-A3A7-4FDB-A427-AB948E73C23B}.Debug|Any CPU.Build.0 = Debug|Any CPU
		{B4EE1614-A3A7-4FDB-A427-AB948E73C23B}.Release|Any CPU.ActiveCfg = Release|Any CPU
		{B4EE1614-A3A7-4FDB-A427-AB948E73C23B}.Release|Any CPU.Build.0 = Release|Any CPU
		{DCF1EA3B-50D9-40C2-BE98-A1807A599A34}.Debug|Any CPU.ActiveCfg = Debug|Any CPU
		{DCF1EA3B-50D9-40C2-BE98-A1807A599A34}.Debug|Any CPU.Build.0 = Debug|Any CPU
		{DCF1EA3B-50D9-40C2-BE98-A1807A599A34}.Release|Any CPU.ActiveCfg = Release|Any CPU
		{DCF1EA3B-50D9-40C2-BE98-A1807A599A34}.Release|Any CPU.Build.0 = Release|Any CPU
		{4542F271-A0E1-4774-A10D-AE91364874B6}.Debug|Any CPU.ActiveCfg = Debug|Any CPU
		{4542F271-A0E1-4774-A10D-AE91364874B6}.Debug|Any CPU.Build.0 = Debug|Any CPU
		{4542F271-A0E1-4774-A10D-AE91364874B6}.Release|Any CPU.ActiveCfg = Release|Any CPU
		{4542F271-A0E1-4774-A10D-AE91364874B6}.Release|Any CPU.Build.0 = Release|Any CPU
		{F5837BB6-F8EE-42A7-A117-2E5348CA4E11}.Debug|Any CPU.ActiveCfg = Debug|Any CPU
		{F5837BB6-F8EE-42A7-A117-2E5348CA4E11}.Debug|Any CPU.Build.0 = Debug|Any CPU
		{F5837BB6-F8EE-42A7-A117-2E5348CA4E11}.Release|Any CPU.ActiveCfg = Release|Any CPU
		{F5837BB6-F8EE-42A7-A117-2E5348CA4E11}.Release|Any CPU.Build.0 = Release|Any CPU
		{D5F641F6-6CBA-4AAC-B2A6-4CFF9ABDC59B}.Debug|Any CPU.ActiveCfg = Debug|Any CPU
		{D5F641F6-6CBA-4AAC-B2A6-4CFF9ABDC59B}.Debug|Any CPU.Build.0 = Debug|Any CPU
		{D5F641F6-6CBA-4AAC-B2A6-4CFF9ABDC59B}.Release|Any CPU.ActiveCfg = Release|Any CPU
		{D5F641F6-6CBA-4AAC-B2A6-4CFF9ABDC59B}.Release|Any CPU.Build.0 = Release|Any CPU
		{CE92120A-FD4C-4B75-AF6C-0E6345B53F3E}.Debug|Any CPU.ActiveCfg = Debug|Any CPU
		{CE92120A-FD4C-4B75-AF6C-0E6345B53F3E}.Debug|Any CPU.Build.0 = Debug|Any CPU
		{CE92120A-FD4C-4B75-AF6C-0E6345B53F3E}.Release|Any CPU.ActiveCfg = Release|Any CPU
		{CE92120A-FD4C-4B75-AF6C-0E6345B53F3E}.Release|Any CPU.Build.0 = Release|Any CPU
		{287891E7-59D6-4FDB-9F7B-93D86D0AD3B2}.Debug|Any CPU.ActiveCfg = Debug|Any CPU
		{287891E7-59D6-4FDB-9F7B-93D86D0AD3B2}.Debug|Any CPU.Build.0 = Debug|Any CPU
		{287891E7-59D6-4FDB-9F7B-93D86D0AD3B2}.Release|Any CPU.ActiveCfg = Release|Any CPU
		{287891E7-59D6-4FDB-9F7B-93D86D0AD3B2}.Release|Any CPU.Build.0 = Release|Any CPU
	EndGlobalSection
	GlobalSection(SolutionProperties) = preSolution
		HideSolutionNode = FALSE
	EndGlobalSection
	GlobalSection(NestedProjects) = preSolution
		{B4EE1614-A3A7-4FDB-A427-AB948E73C23B} = {8A1AB08F-2F20-4928-8E9A-96CAF93E5D6E}
		{4542F271-A0E1-4774-A10D-AE91364874B6} = {8A1AB08F-2F20-4928-8E9A-96CAF93E5D6E}
		{CE92120A-FD4C-4B75-AF6C-0E6345B53F3E} = {08597917-3B08-43A9-93AA-11E060506C32}
		{287891E7-59D6-4FDB-9F7B-93D86D0AD3B2} = {08597917-3B08-43A9-93AA-11E060506C32}
	EndGlobalSection
	GlobalSection(ExtensibilityGlobals) = postSolution
		SolutionGuid = {8BEE0566-52C0-44F1-A710-1A21E9C42B54}
	EndGlobalSection
EndGlobal
